{
  "name": "ventrata-utils",
  "version": "1.0",
  "lockfileVersion": 2,
  "requires": true,
  "packages": {
    "": {
      "version": "1.0",
      "license": "ISC",
      "dependencies": {
        "common-utils": "https://github.com/pixelpylon/common-utils/tarball/v1.4",
        "lodash": "^4.17.21"
      },
      "engines": {
        "node": "14"
      }
    },
    "node_modules/common-utils": {
      "version": "1.4",
      "resolved": "https://github.com/pixelpylon/common-utils/tarball/v1.4",
      "integrity": "sha512-9Tp5vC1ATYLZZUrAAynkn0337tHbTzBh60hWyo/rJQmgVIV8x/vTtjjxwqzd82w+AKj480jlBTnzGMh0rYeTCQ==",
      "license": "ISC",
      "dependencies": {
        "lodash": "^4.17.21"
      },
      "engines": {
        "node": "14"
      }
    },
    "node_modules/lodash": {
      "version": "4.17.21",
      "resolved": "https://registry.npmjs.org/lodash/-/lodash-4.17.21.tgz",
      "integrity": "sha512-v2kDEe57lecTulaDIuNTPy3Ry4gLGJ6Z1O3vE1krgXZNrsQ+LFTGHVxVjcXPs17LhbZVGedAJv8XZ1tvj5FvSg=="
    }
  },
  "dependencies": {
    "common-utils": {
      "version": "https://github.com/pixelpylon/common-utils/tarball/v1.4",
      "integrity": "sha512-9Tp5vC1ATYLZZUrAAynkn0337tHbTzBh60hWyo/rJQmgVIV8x/vTtjjxwqzd82w+AKj480jlBTnzGMh0rYeTCQ==",
      "requires": {
        "lodash": "^4.17.21"
      }
    },
    "lodash": {
      "version": "4.17.21",
      "resolved": "https://registry.npmjs.org/lodash/-/lodash-4.17.21.tgz",
      "integrity": "sha512-v2kDEe57lecTulaDIuNTPy3Ry4gLGJ6Z1O3vE1krgXZNrsQ+LFTGHVxVjcXPs17LhbZVGedAJv8XZ1tvj5FvSg=="
    }
  }
}
